
Microsoft Visual Studio Solution File, Format Version 12.00
# Visual Studio Version 16
VisualStudioVersion = 16.0.29020.237
MinimumVisualStudioVersion = 10.0.40219.1
Project("{9A19103F-16F7-4668-BE54-9A1E7A4F7556}") = "FusionCharts.Samples-Core", "FusionCharts.Samples-Core.csproj", "{718E949F-5A58-452D-AEDD-6F0447FBD983}"
EndProject
Global
	GlobalSection(SolutionConfigurationPlatforms) = preSolution
		Debug|Any CPU = Debug|Any CPU
		Release|Any CPU = Release|Any CPU
	EndGlobalSection
	GlobalSection(ProjectConfigurationPlatforms) = postSolution
		{718E949F-5A58-452D-AEDD-6F0447FBD983}.Debug|Any CPU.ActiveCfg = Debug|Any CPU
		{718E949F-5A58-452D-AEDD-6F0447FBD983}.Debug|Any CPU.Build.0 = Debug|Any CPU
		{718E949F-5A58-452D-AEDD-6F0447FBD983}.Release|Any CPU.ActiveCfg = Release|Any CPU
		{718E949F-5A58-452D-AEDD-6F0447FBD983}.Release|Any CPU.Build.0 = Release|Any CPU
	EndGlobalSection
	GlobalSection(SolutionProperties) = preSolution
		HideSolutionNode = FALSE
	EndGlobalSection
	GlobalSection(ExtensibilityGlobals) = postSolution
		SolutionGuid = {0DC78BD0-1C23-4D42-B174-A90FB3B9A4B3}
	EndGlobalSection
EndGlobal
